<?xml version="1.0" encoding="utf-8"?>
<Project ToolsVersion="4.0" xmlns="http://schemas.microsoft.com/developer/msbuild/2003">
  <ItemGroup>
    <Filter Include="Source Files">
      <UniqueIdentifier>{4FC737F1-C7A5-4376-A066-2A32D752A2FF}</UniqueIdentifier>
      <Extensions>cpp;c;cc;cxx;def;odl;idl;hpj;bat;asm;asmx</Extensions>
    </Filter>
    <Filter Include="Header Files">
      <UniqueIdentifier>{93995380-89BD-4b04-88EB-625FBE52EBFB}</UniqueIdentifier>
      <Extensions>h;hh;hpp;hxx;hm;inl;inc;xsd</Extensions>
    </Filter>
    <Filter Include="Resource Files">
      <UniqueIdentifier>{D9D6E242-F8AF-46E4-B9FD-80ECBC20BA3E}</UniqueIdentifier>
      <Extensions>qrc;*</Extensions>
      <ParseFiles>false</ParseFiles>
    </Filter>
    <Filter Include="Form Files">
      <UniqueIdentifier>{99349809-55BA-4b9d-BF79-8FDBB0286EB3}</UniqueIdentifier>
      <Extensions>ui</Extensions>
    </Filter>
    <Filter Include="Resource Files">
      <UniqueIdentifier>{D9D6E242-F8AF-46E4-B9FD-80ECBC20BA3E}</UniqueIdentifier>
      <Extensions>qrc;*</Extensions>
      <ParseFiles>false</ParseFiles>
    </Filter>
    <Filter Include="Generated Files">
      <UniqueIdentifier>{71ED8ED8-ACB9-4CE9-BBE1-E00B30144E11}</UniqueIdentifier>
      <Extensions>moc;h;cpp</Extensions>
      <SourceControlFiles>False</SourceControlFiles>
    </Filter>
    <Filter Include="Generated Files\Debug">
      <UniqueIdentifier>{b7e616a4-ba75-4115-8e50-0b2ac74cebe1}</UniqueIdentifier>
      <Extensions>cpp;moc</Extensions>
      <SourceControlFiles>False</SourceControlFiles>
    </Filter>
    <Filter Include="Generated Files\Release">
      <UniqueIdentifier>{d74637b0-b2a3-45ec-94e9-d717444b3dfc}</UniqueIdentifier>
      <Extensions>cpp;moc</Extensions>
      <SourceControlFiles>False</SourceControlFiles>
    </Filter>
    <Filter Include="Source Files\ui">
      <UniqueIdentifier>{8078040d-a4bb-4d5c-a909-226888989d75}</UniqueIdentifier>
    </Filter>
    <Filter Include="Source Files\ui\MainWindow">
      <UniqueIdentifier>{818ecf59-3bcc-490c-836f-bbbc0b9b71d8}</UniqueIdentifier>
    </Filter>
    <Filter Include="Source Files\ui\Public">
      <UniqueIdentifier>{05a2fb30-ee20-44c7-9ebd-08f915d2be54}</UniqueIdentifier>
    </Filter>
    <Filter Include="Source Files\ui\Public\FramelessWidget">
      <UniqueIdentifier>{27e23c83-69d0-46fc-8958-a48d038f1bcb}</UniqueIdentifier>
    </Filter>
    <Filter Include="Source Files\res">
      <UniqueIdentifier>{6402192c-86b8-4e67-a91d-2d8980123453}</UniqueIdentifier>
    </Filter>
    <Filter Include="Source Files\ui\Public\InfoWidget">
      <UniqueIdentifier>{cb153215-2c91-4598-a62e-059439dbb8cf}</UniqueIdentifier>
    </Filter>
  </ItemGroup>
  <ItemGroup>
    <ClCompile Include="main.cpp">
      <Filter>Source Files</Filter>
    </ClCompile>
    <ClCompile Include="GeneratedFiles\Debug\moc_MainWindow.cpp">
      <Filter>Generated Files\Debug</Filter>
    </ClCompile>
    <ClCompile Include="GeneratedFiles\Release\moc_MainWindow.cpp">
      <Filter>Generated Files\Release</Filter>
    </ClCompile>
    <ClCompile Include="ui\MainWindow\MainWindow.cpp">
      <Filter>Source Files\ui\MainWindow</Filter>
    </ClCompile>
    <ClCompile Include="GeneratedFiles\Debug\moc_FramelessWidget.cpp">
      <Filter>Generated Files\Debug</Filter>
    </ClCompile>
    <ClCompile Include="GeneratedFiles\Release\moc_FramelessWidget.cpp">
      <Filter>Generated Files\Release</Filter>
    </ClCompile>
    <ClCompile Include="ui\Public\FramelessWidget\FramelessWidget.cpp">
      <Filter>Source Files\ui\Public\FramelessWidget</Filter>
    </ClCompile>
    <ClCompile Include="GeneratedFiles\qrc_ImageSearcher.cpp">
      <Filter>Generated Files</Filter>
    </ClCompile>
    <ClCompile Include="ui\Public\InfoWidget\InfoTextWidget.cpp">
      <Filter>Source Files\ui\Public\InfoWidget</Filter>
    </ClCompile>
    <ClCompile Include="GeneratedFiles\Debug\moc_InfoTextWidget.cpp">
      <Filter>Generated Files\Debug</Filter>
    </ClCompile>
    <ClCompile Include="GeneratedFiles\Release\moc_InfoTextWidget.cpp">
      <Filter>Generated Files\Release</Filter>
    </ClCompile>
    <ClCompile Include="ui\Public\InfoWidget\InfoWidget.cpp">
      <Filter>Source Files\ui\Public\InfoWidget</Filter>
    </ClCompile>
    <ClCompile Include="GeneratedFiles\Debug\moc_InfoWidget.cpp">
      <Filter>Generated Files\Debug</Filter>
    </ClCompile>
    <ClCompile Include="GeneratedFiles\Release\moc_InfoWidget.cpp">
      <Filter>Generated Files\Release</Filter>
    </ClCompile>
  </ItemGroup>
  <ItemGroup>
    <CustomBuild Include="ui\MainWindow\MainWindow.h">
      <Filter>Source Files\ui\MainWindow</Filter>
    </CustomBuild>
    <CustomBuild Include="ui\MainWindow\MainWindow.ui">
      <Filter>Source Files\ui\MainWindow</Filter>
    </CustomBuild>
    <CustomBuild Include="ui\Public\FramelessWidget\FramelessWidget.h">
      <Filter>Source Files\ui\Public\FramelessWidget</Filter>
    </CustomBuild>
    <CustomBuild Include="ui\Public\FramelessWidget\FramelessWidget.ui">
      <Filter>Source Files\ui\Public\FramelessWidget</Filter>
    </CustomBuild>
    <CustomBuild Include="res\ImageSearcher.qrc">
      <Filter>Source Files\res</Filter>
    </CustomBuild>
    <CustomBuild Include="ui\Public\InfoWidget\InfoTextWidget.h">
      <Filter>Source Files\ui\Public\InfoWidget</Filter>
    </CustomBuild>
    <CustomBuild Include="ui\Public\InfoWidget\InfoTextWidget.ui">
      <Filter>Source Files\ui\Public\InfoWidget</Filter>
    </CustomBuild>
    <CustomBuild Include="ui\Public\InfoWidget\InfoWidget.h">
      <Filter>Source Files\ui\Public\InfoWidget</Filter>
    </CustomBuild>
    <CustomBuild Include="ui\Public\InfoWidget\InfoWidget.ui">
      <Filter>Source Files\ui\Public\InfoWidget</Filter>
    </CustomBuild>
  </ItemGroup>
  <ItemGroup>
    <ClInclude Include="GeneratedFiles\ui_MainWindow.h">
      <Filter>Generated Files</Filter>
    </ClInclude>
    <ClInclude Include="GeneratedFiles\ui_FramelessWidget.h">
      <Filter>Generated Files</Filter>
    </ClInclude>
    <ClInclude Include="GeneratedFiles\ui_InfoTextWidget.h">
      <Filter>Generated Files</Filter>
    </ClInclude>
    <ClInclude Include="GeneratedFiles\ui_InfoWidget.h">
      <Filter>Generated Files</Filter>
    </ClInclude>
  </ItemGroup>
  <ItemGroup>
    <None Include="res\ImageSearcher.qss">
      <Filter>Source Files\res</Filter>
    </None>
    <None Include="res\InfoWidget.qss">
      <Filter>Source Files\res</Filter>
    </None>
  </ItemGroup>
</Project>